{
  "name": "demo",
  "version": "1.0.0",
  "lockfileVersion": 1,
  "requires": true,
  "dependencies": {
    "crypto-js": {
      "version": "4.1.1",
      "resolved": "https://registry.npmjs.org/crypto-js/-/crypto-js-4.1.1.tgz",
      "integrity": "sha512-o2JlM7ydqd3Qk9CA0L4NL6mTzU2sdx96a+oOfPu8Mkl/PK51vSyoi8/rQ8NknZtk44vq15lmhAj9CIAGwgeWKw=="
    },
    "lodash-es": {
      "version": "4.17.21",
      "resolved": "https://registry.npmjs.org/lodash-es/-/lodash-es-4.17.21.tgz",
      "integrity": "sha512-mKnC+QJ9pWVzv+C4/U3rRsHapFfHvQFoFB92e52xeyGMcX6/OlIl78je1u8vePzYZSkkogMPJ2yjxxsb89cxyw=="
    },
    "nim-web-sdk-ng": {
      "version": "0.3.0",
      "resolved": "https://registry.npmjs.org/nim-web-sdk-ng/-/nim-web-sdk-ng-0.3.0.tgz",
      "integrity": "sha512-PP7Vb0U9LiA0wy8ziYktC+CdCAd2DysG4TDdZBFRTqjwBvcHlPV6Me80AquraOe3tQnef9GbPywVUFneCJ/dxw==",
      "requires": {
        "crypto-js": "^4.1.1",
        "lodash-es": "^4.17.21"
      }
    }
  }
}
