{
  "name": "demo",
  "version": "1.0.0",
  "lockfileVersion": 1,
  "requires": true,
  "dependencies": {
    "lodash-es": {
      "version": "4.17.21",
      "resolved": "https://registry.npmjs.org/lodash-es/-/lodash-es-4.17.21.tgz",
      "integrity": "sha512-mKnC+QJ9pWVzv+C4/U3rRsHapFfHvQFoFB92e52xeyGMcX6/OlIl78je1u8vePzYZSkkogMPJ2yjxxsb89cxyw=="
    },
    "nim-web-sdk-ng": {
      "version": "0.2.0",
      "resolved": "https://registry.npmjs.org/nim-web-sdk-ng/-/nim-web-sdk-ng-0.2.0.tgz",
      "integrity": "sha512-T4wM/P3f/Rsq+1BnK+O/TUGZSv13WdEclFjukLlJvbCsioIRTSxlM9je4pkYDtCX7gxXivsG8IRZ+BbQcOuWEA==",
      "requires": {
        "lodash-es": "^4.17.21"
      }
    }
  }
}
